{
  "version": 4,
  "terraform_version": "1.4.6",
  "serial": 177,
  "lineage": "ea01fb9b-965f-4445-3285-b76bf15b8d6a",
  "outputs": {},
  "resources": [
    {
      "module": "module.common",
      "mode": "managed",
      "type": "azurerm_log_analytics_workspace",
      "name": "log_analytics_workspace",
      "provider": "provider[\"registry.terraform.io/hashicorp/azurerm\"]",
      "instances": [
        {
          "schema_version": 3,
          "attributes": {
            "allow_resource_only_permissions": true,
            "cmk_for_query_forced": false,
            "daily_quota_gb": -1,
            "id": "/subscriptions/143f4554-e923-46b5-b1e3-6c1e413522f4/resourceGroups/n01581665-RG/providers/Microsoft.OperationalInsights/workspaces/LogAnalyticsWorkspace",
            "internet_ingestion_enabled": true,
            "internet_query_enabled": true,
            "local_authentication_disabled": false,
            "location": "canadacentral",
            "name": "LogAnalyticsWorkspace",
            "primary_shared_key": "BGtuC/8Q2IwRpVCOPZOmpfki17wWX7txcYysYDdIf6WosKNIK0t6X1a3MXPefPsDsyZzZQydfj8e+Mwq1oAiqA==",
            "reservation_capacity_in_gb_per_day": null,
            "resource_group_name": "n01581665-RG",
            "retention_in_days": 30,
            "secondary_shared_key": "HcWgl2627RKcVYqUiM/q9rw9HMpK8Ikpb0B/TZ+btwRDFXjajgfMCdeJ82g2Gh3zRAnsJoa1VV8Ea5ylN81PRg==",
            "sku": "PerGB2018",
            "tags": {
              "Assignment": "CCGC 5502 Automation Assignment",
              "Environment": "Learning",
              "ExpirationDate": "2024-12-31",
              "Name": "Kartik Sharma"
            },
            "timeouts": null,
            "workspace_id": "1a4da996-61ed-4a5a-9470-21d2f72016e6"
          },
          "sensitive_attributes": [],
          "private": "eyJlMmJmYjczMC1lY2FhLTExZTYtOGY4OC0zNDM2M2JjN2M0YzAiOnsiY3JlYXRlIjoxODAwMDAwMDAwMDAwLCJkZWxldGUiOjE4MDAwMDAwMDAwMDAsInJlYWQiOjMwMDAwMDAwMDAwMCwidXBkYXRlIjoxODAwMDAwMDAwMDAwfSwic2NoZW1hX3ZlcnNpb24iOiIzIn0=",
          "dependencies": [
            "module.rgroup.azurerm_resource_group.rgroup"
          ]
        }
      ]
    },
    {
      "module": "module.common",
      "mode": "managed",
      "type": "azurerm_recovery_services_vault",
      "name": "recovery_vault",
      "provider": "provider[\"registry.terraform.io/hashicorp/azurerm\"]",
      "instances": [
        {
          "schema_version": 0,
          "attributes": {
            "classic_vmware_replication_enabled": null,
            "cross_region_restore_enabled": false,
            "encryption": [],
            "id": "/subscriptions/143f4554-e923-46b5-b1e3-6c1e413522f4/resourceGroups/n01581665-RG/providers/Microsoft.RecoveryServices/vaults/myrecovery-vault",
            "identity": [],
            "immutability": null,
            "location": "canadacentral",
            "monitoring": [],
            "name": "myrecovery-vault",
            "public_network_access_enabled": true,
            "resource_group_name": "n01581665-RG",
            "sku": "Standard",
            "soft_delete_enabled": true,
            "storage_mode_type": "GeoRedundant",
            "tags": {},
            "timeouts": null
          },
          "sensitive_attributes": [],
          "private": "eyJlMmJmYjczMC1lY2FhLTExZTYtOGY4OC0zNDM2M2JjN2M0YzAiOnsiY3JlYXRlIjo3MjAwMDAwMDAwMDAwLCJkZWxldGUiOjE4MDAwMDAwMDAwMDAsInJlYWQiOjMwMDAwMDAwMDAwMCwidXBkYXRlIjozNjAwMDAwMDAwMDAwfX0=",
          "dependencies": [
            "module.rgroup.azurerm_resource_group.rgroup"
          ]
        }
      ]
    },
    {
      "module": "module.common",
      "mode": "managed",
      "type": "azurerm_storage_account",
      "name": "storage_account",
      "provider": "provider[\"registry.terraform.io/hashicorp/azurerm\"]",
      "instances": [
        {
          "schema_version": 4,
          "attributes": {
            "access_tier": "Hot",
            "account_kind": "StorageV2",
            "account_replication_type": "LRS",
            "account_tier": "Standard",
            "allow_nested_items_to_be_public": true,
            "allowed_copy_scope": "",
            "azure_files_authentication": [],
            "blob_properties": [
              {
                "change_feed_enabled": false,
                "change_feed_retention_in_days": 0,
                "container_delete_retention_policy": [],
                "cors_rule": [],
                "default_service_version": "",
                "delete_retention_policy": [],
                "last_access_time_enabled": false,
                "restore_policy": [],
                "versioning_enabled": false
              }
            ],
            "cross_tenant_replication_enabled": true,
            "custom_domain": [],
            "customer_managed_key": [],
            "default_to_oauth_authentication": false,
            "edge_zone": "",
            "enable_https_traffic_only": true,
            "id": "/subscriptions/143f4554-e923-46b5-b1e3-6c1e413522f4/resourceGroups/n01581665-RG/providers/Microsoft.Storage/storageAccounts/tfstaten1665sa",
            "identity": [],
            "immutability_policy": [],
            "infrastructure_encryption_enabled": false,
            "is_hns_enabled": false,
            "large_file_share_enabled": null,
            "location": "canadacentral",
            "min_tls_version": "TLS1_2",
            "name": "tfstaten1665sa",
            "network_rules": [
              {
                "bypass": [
                  "AzureServices"
                ],
                "default_action": "Allow",
                "ip_rules": [],
                "private_link_access": [],
                "virtual_network_subnet_ids": []
              }
            ],
            "nfsv3_enabled": false,
            "primary_access_key": "/hL8ZzcnseOcqyTVRVCs+oSsO9zuGK/vyyfq+Vh5KTNMqSFf2HyZkzuvPhPKmNSt0QQ3VbC8t498+AStnSkRFg==",
            "primary_blob_connection_string": "DefaultEndpointsProtocol=https;BlobEndpoint=https://tfstaten1665sa.blob.core.windows.net/;AccountName=tfstaten1665sa;AccountKey=/hL8ZzcnseOcqyTVRVCs+oSsO9zuGK/vyyfq+Vh5KTNMqSFf2HyZkzuvPhPKmNSt0QQ3VbC8t498+AStnSkRFg==",
            "primary_blob_endpoint": "https://tfstaten1665sa.blob.core.windows.net/",
            "primary_blob_host": "tfstaten1665sa.blob.core.windows.net",
            "primary_connection_string": "DefaultEndpointsProtocol=https;AccountName=tfstaten1665sa;AccountKey=/hL8ZzcnseOcqyTVRVCs+oSsO9zuGK/vyyfq+Vh5KTNMqSFf2HyZkzuvPhPKmNSt0QQ3VbC8t498+AStnSkRFg==;EndpointSuffix=core.windows.net",
            "primary_dfs_endpoint": "https://tfstaten1665sa.dfs.core.windows.net/",
            "primary_dfs_host": "tfstaten1665sa.dfs.core.windows.net",
            "primary_file_endpoint": "https://tfstaten1665sa.file.core.windows.net/",
            "primary_file_host": "tfstaten1665sa.file.core.windows.net",
            "primary_location": "canadacentral",
            "primary_queue_endpoint": "https://tfstaten1665sa.queue.core.windows.net/",
            "primary_queue_host": "tfstaten1665sa.queue.core.windows.net",
            "primary_table_endpoint": "https://tfstaten1665sa.table.core.windows.net/",
            "primary_table_host": "tfstaten1665sa.table.core.windows.net",
            "primary_web_endpoint": "https://tfstaten1665sa.z9.web.core.windows.net/",
            "primary_web_host": "tfstaten1665sa.z9.web.core.windows.net",
            "public_network_access_enabled": true,
            "queue_encryption_key_type": "Service",
            "queue_properties": [
              {
                "cors_rule": [],
                "hour_metrics": [
                  {
                    "enabled": true,
                    "include_apis": true,
                    "retention_policy_days": 7,
                    "version": "1.0"
                  }
                ],
                "logging": [
                  {
                    "delete": false,
                    "read": false,
                    "retention_policy_days": 0,
                    "version": "1.0",
                    "write": false
                  }
                ],
                "minute_metrics": [
                  {
                    "enabled": false,
                    "include_apis": false,
                    "retention_policy_days": 0,
                    "version": "1.0"
                  }
                ]
              }
            ],
            "resource_group_name": "n01581665-RG",
            "routing": [],
            "sas_policy": [],
            "secondary_access_key": "daacFy0F1lz4mnDvJ++VvgMKqmxHhdxfCQ44P8/q+Ic1fTF+86VRNrxk0BT6mAi9nOay+Nl3Bu7y+AStXMFNpQ==",
            "secondary_blob_connection_string": "",
            "secondary_blob_endpoint": null,
            "secondary_blob_host": null,
            "secondary_connection_string": "DefaultEndpointsProtocol=https;AccountName=tfstaten1665sa;AccountKey=daacFy0F1lz4mnDvJ++VvgMKqmxHhdxfCQ44P8/q+Ic1fTF+86VRNrxk0BT6mAi9nOay+Nl3Bu7y+AStXMFNpQ==;EndpointSuffix=core.windows.net",
            "secondary_dfs_endpoint": null,
            "secondary_dfs_host": null,
            "secondary_file_endpoint": null,
            "secondary_file_host": null,
            "secondary_location": "",
            "secondary_queue_endpoint": null,
            "secondary_queue_host": null,
            "secondary_table_endpoint": null,
            "secondary_table_host": null,
            "secondary_web_endpoint": null,
            "secondary_web_host": null,
            "sftp_enabled": false,
            "share_properties": [
              {
                "cors_rule": [],
                "retention_policy": [
                  {
                    "days": 7
                  }
                ],
                "smb": []
              }
            ],
            "shared_access_key_enabled": true,
            "static_website": [],
            "table_encryption_key_type": "Service",
            "tags": {},
            "timeouts": null
          },
          "sensitive_attributes": [],
          "private": "eyJlMmJmYjczMC1lY2FhLTExZTYtOGY4OC0zNDM2M2JjN2M0YzAiOnsiY3JlYXRlIjozNjAwMDAwMDAwMDAwLCJkZWxldGUiOjM2MDAwMDAwMDAwMDAsInJlYWQiOjMwMDAwMDAwMDAwMCwidXBkYXRlIjozNjAwMDAwMDAwMDAwfSwic2NoZW1hX3ZlcnNpb24iOiI0In0=",
          "dependencies": [
            "module.rgroup.azurerm_resource_group.rgroup"
          ]
        }
      ]
    },
    {
      "module": "module.network",
      "mode": "managed",
      "type": "azurerm_network_security_group",
      "name": "nsg",
      "provider": "provider[\"registry.terraform.io/hashicorp/azurerm\"]",
      "instances": [
        {
          "schema_version": 0,
          "attributes": {
            "id": "/subscriptions/143f4554-e923-46b5-b1e3-6c1e413522f4/resourceGroups/n01581665-RG/providers/Microsoft.Network/networkSecurityGroups/n01581665-SG",
            "location": "canadacentral",
            "name": "n01581665-SG",
            "resource_group_name": "n01581665-RG",
            "security_rule": [
              {
                "access": "Allow",
                "description": "",
                "destination_address_prefix": "*",
                "destination_address_prefixes": [],
                "destination_application_security_group_ids": [],
                "destination_port_range": "22",
                "destination_port_ranges": [],
                "direction": "Inbound",
                "name": "rule1",
                "priority": 100,
                "protocol": "Tcp",
                "source_address_prefix": "*",
                "source_address_prefixes": [],
                "source_application_security_group_ids": [],
                "source_port_range": "*",
                "source_port_ranges": []
              },
              {
                "access": "Allow",
                "description": "",
                "destination_address_prefix": "*",
                "destination_address_prefixes": [],
                "destination_application_security_group_ids": [],
                "destination_port_range": "3389",
                "destination_port_ranges": [],
                "direction": "Inbound",
                "name": "rule2",
                "priority": 200,
                "protocol": "Tcp",
                "source_address_prefix": "*",
                "source_address_prefixes": [],
                "source_application_security_group_ids": [],
                "source_port_range": "*",
                "source_port_ranges": []
              },
              {
                "access": "Allow",
                "description": "",
                "destination_address_prefix": "*",
                "destination_address_prefixes": [],
                "destination_application_security_group_ids": [],
                "destination_port_range": "5985",
                "destination_port_ranges": [],
                "direction": "Inbound",
                "name": "rule3",
                "priority": 300,
                "protocol": "Tcp",
                "source_address_prefix": "*",
                "source_address_prefixes": [],
                "source_application_security_group_ids": [],
                "source_port_range": "*",
                "source_port_ranges": []
              },
              {
                "access": "Allow",
                "description": "",
                "destination_address_prefix": "*",
                "destination_address_prefixes": [],
                "destination_application_security_group_ids": [],
                "destination_port_range": "80",
                "destination_port_ranges": [],
                "direction": "Inbound",
                "name": "rule4",
                "priority": 400,
                "protocol": "Tcp",
                "source_address_prefix": "*",
                "source_address_prefixes": [],
                "source_application_security_group_ids": [],
                "source_port_range": "*",
                "source_port_ranges": []
              }
            ],
            "tags": {},
            "timeouts": null
          },
          "sensitive_attributes": [],
          "private": "eyJlMmJmYjczMC1lY2FhLTExZTYtOGY4OC0zNDM2M2JjN2M0YzAiOnsiY3JlYXRlIjoxODAwMDAwMDAwMDAwLCJkZWxldGUiOjE4MDAwMDAwMDAwMDAsInJlYWQiOjMwMDAwMDAwMDAwMCwidXBkYXRlIjoxODAwMDAwMDAwMDAwfX0=",
          "dependencies": [
            "module.rgroup.azurerm_resource_group.rgroup"
          ]
        }
      ]
    },
    {
      "module": "module.network",
      "mode": "managed",
      "type": "azurerm_subnet",
      "name": "network-subnet",
      "provider": "provider[\"registry.terraform.io/hashicorp/azurerm\"]",
      "instances": [
        {
          "schema_version": 0,
          "attributes": {
            "address_prefixes": [
              "10.0.0.0/24"
            ],
            "delegation": [],
            "enforce_private_link_endpoint_network_policies": false,
            "enforce_private_link_service_network_policies": false,
            "id": "/subscriptions/143f4554-e923-46b5-b1e3-6c1e413522f4/resourceGroups/n01581665-RG/providers/Microsoft.Network/virtualNetworks/n01581665-VNET/subnets/n01581665-SUBNET",
            "name": "n01581665-SUBNET",
            "private_endpoint_network_policies_enabled": true,
            "private_link_service_network_policies_enabled": true,
            "resource_group_name": "n01581665-RG",
            "service_endpoint_policy_ids": [],
            "service_endpoints": [],
            "timeouts": null,
            "virtual_network_name": "n01581665-VNET"
          },
          "sensitive_attributes": [],
          "private": "eyJlMmJmYjczMC1lY2FhLTExZTYtOGY4OC0zNDM2M2JjN2M0YzAiOnsiY3JlYXRlIjoxODAwMDAwMDAwMDAwLCJkZWxldGUiOjE4MDAwMDAwMDAwMDAsInJlYWQiOjMwMDAwMDAwMDAwMCwidXBkYXRlIjoxODAwMDAwMDAwMDAwfX0=",
          "dependencies": [
            "module.network.azurerm_virtual_network.network",
            "module.rgroup.azurerm_resource_group.rgroup"
          ]
        }
      ]
    },
    {
      "module": "module.network",
      "mode": "managed",
      "type": "azurerm_subnet_network_security_group_association",
      "name": "subnet-nsg",
      "provider": "provider[\"registry.terraform.io/hashicorp/azurerm\"]",
      "instances": [
        {
          "schema_version": 0,
          "attributes": {
            "id": "/subscriptions/143f4554-e923-46b5-b1e3-6c1e413522f4/resourceGroups/n01581665-RG/providers/Microsoft.Network/virtualNetworks/n01581665-VNET/subnets/n01581665-SUBNET",
            "network_security_group_id": "/subscriptions/143f4554-e923-46b5-b1e3-6c1e413522f4/resourceGroups/n01581665-RG/providers/Microsoft.Network/networkSecurityGroups/n01581665-SG",
            "subnet_id": "/subscriptions/143f4554-e923-46b5-b1e3-6c1e413522f4/resourceGroups/n01581665-RG/providers/Microsoft.Network/virtualNetworks/n01581665-VNET/subnets/n01581665-SUBNET",
            "timeouts": null
          },
          "sensitive_attributes": [],
          "private": "eyJlMmJmYjczMC1lY2FhLTExZTYtOGY4OC0zNDM2M2JjN2M0YzAiOnsiY3JlYXRlIjoxODAwMDAwMDAwMDAwLCJkZWxldGUiOjE4MDAwMDAwMDAwMDAsInJlYWQiOjMwMDAwMDAwMDAwMCwidXBkYXRlIjoxODAwMDAwMDAwMDAwfX0=",
          "dependencies": [
            "module.network.azurerm_network_security_group.nsg",
            "module.network.azurerm_subnet.network-subnet",
            "module.network.azurerm_virtual_network.network",
            "module.rgroup.azurerm_resource_group.rgroup"
          ]
        }
      ]
    },
    {
      "module": "module.network",
      "mode": "managed",
      "type": "azurerm_virtual_network",
      "name": "network",
      "provider": "provider[\"registry.terraform.io/hashicorp/azurerm\"]",
      "instances": [
        {
          "schema_version": 0,
          "attributes": {
            "address_space": [
              "10.0.0.0/16"
            ],
            "bgp_community": "",
            "ddos_protection_plan": [],
            "dns_servers": [],
            "edge_zone": "",
            "flow_timeout_in_minutes": 0,
            "guid": "fd9ef25a-3727-4ca8-bd59-a5bc749e2ca3",
            "id": "/subscriptions/143f4554-e923-46b5-b1e3-6c1e413522f4/resourceGroups/n01581665-RG/providers/Microsoft.Network/virtualNetworks/n01581665-VNET",
            "location": "canadacentral",
            "name": "n01581665-VNET",
            "resource_group_name": "n01581665-RG",
            "subnet": [
              {
                "address_prefix": "10.0.0.0/24",
                "id": "/subscriptions/143f4554-e923-46b5-b1e3-6c1e413522f4/resourceGroups/n01581665-RG/providers/Microsoft.Network/virtualNetworks/n01581665-VNET/subnets/n01581665-SUBNET",
                "name": "n01581665-SUBNET",
                "security_group": "/subscriptions/143f4554-e923-46b5-b1e3-6c1e413522f4/resourceGroups/n01581665-RG/providers/Microsoft.Network/networkSecurityGroups/n01581665-SG"
              }
            ],
            "tags": {
              "Assignment": "CCGC 5502 Automation Assignment",
              "Environment": "Learning",
              "ExpirationDate": "2024-12-31",
              "Name": "Kartik Sharma"
            },
            "timeouts": null
          },
          "sensitive_attributes": [],
          "private": "eyJlMmJmYjczMC1lY2FhLTExZTYtOGY4OC0zNDM2M2JjN2M0YzAiOnsiY3JlYXRlIjoxODAwMDAwMDAwMDAwLCJkZWxldGUiOjE4MDAwMDAwMDAwMDAsInJlYWQiOjMwMDAwMDAwMDAwMCwidXBkYXRlIjoxODAwMDAwMDAwMDAwfX0=",
          "dependencies": [
            "module.rgroup.azurerm_resource_group.rgroup"
          ]
        }
      ]
    },
    {
      "module": "module.rgroup",
      "mode": "managed",
      "type": "azurerm_resource_group",
      "name": "rgroup",
      "provider": "provider[\"registry.terraform.io/hashicorp/azurerm\"]",
      "instances": [
        {
          "schema_version": 0,
          "attributes": {
            "id": "/subscriptions/143f4554-e923-46b5-b1e3-6c1e413522f4/resourceGroups/n01581665-RG",
            "location": "canadacentral",
            "managed_by": "",
            "name": "n01581665-RG",
            "tags": {
              "Assignment": "CCGC 5502 Automation Assignment",
              "Environment": "Learning",
              "ExpirationDate": "2024-12-31",
              "Name": "Kartik Sharma"
            },
            "timeouts": null
          },
          "sensitive_attributes": [],
          "private": "eyJlMmJmYjczMC1lY2FhLTExZTYtOGY4OC0zNDM2M2JjN2M0YzAiOnsiY3JlYXRlIjo1NDAwMDAwMDAwMDAwLCJkZWxldGUiOjU0MDAwMDAwMDAwMDAsInJlYWQiOjMwMDAwMDAwMDAwMCwidXBkYXRlIjo1NDAwMDAwMDAwMDAwfX0="
        }
      ]
    },
    {
      "module": "module.vmwindows",
      "mode": "managed",
      "type": "azurerm_availability_set",
      "name": "window_avail_set",
      "provider": "provider[\"registry.terraform.io/hashicorp/azurerm\"]",
      "instances": [
        {
          "schema_version": 0,
          "attributes": {
            "id": "/subscriptions/143f4554-e923-46b5-b1e3-6c1e413522f4/resourceGroups/n01581665-RG/providers/Microsoft.Compute/availabilitySets/windows_avs",
            "location": "canadacentral",
            "managed": true,
            "name": "windows_avs",
            "platform_fault_domain_count": 3,
            "platform_update_domain_count": 5,
            "proximity_placement_group_id": null,
            "resource_group_name": "n01581665-RG",
            "tags": {
              "environment": "prod"
            },
            "timeouts": null
          },
          "sensitive_attributes": [],
          "private": "eyJlMmJmYjczMC1lY2FhLTExZTYtOGY4OC0zNDM2M2JjN2M0YzAiOnsiY3JlYXRlIjoxODAwMDAwMDAwMDAwLCJkZWxldGUiOjE4MDAwMDAwMDAwMDAsInJlYWQiOjMwMDAwMDAwMDAwMCwidXBkYXRlIjoxODAwMDAwMDAwMDAwfX0=",
          "dependencies": [
            "module.common.azurerm_log_analytics_workspace.log_analytics_workspace",
            "module.common.azurerm_recovery_services_vault.recovery_vault",
            "module.common.azurerm_storage_account.storage_account",
            "module.network.azurerm_network_security_group.nsg",
            "module.network.azurerm_subnet.network-subnet",
            "module.network.azurerm_subnet_network_security_group_association.subnet-nsg",
            "module.network.azurerm_virtual_network.network",
            "module.rgroup.azurerm_resource_group.rgroup"
          ]
        }
      ]
    },
    {
      "module": "module.vmwindows",
      "mode": "managed",
      "type": "azurerm_network_interface",
      "name": "network-interface",
      "provider": "provider[\"registry.terraform.io/hashicorp/azurerm\"]",
      "instances": [
        {
          "index_key": "n01581665-vm1",
          "schema_version": 0,
          "attributes": {
            "applied_dns_servers": [],
            "dns_servers": [],
            "edge_zone": "",
            "enable_accelerated_networking": false,
            "enable_ip_forwarding": false,
            "id": "/subscriptions/143f4554-e923-46b5-b1e3-6c1e413522f4/resourceGroups/n01581665-RG/providers/Microsoft.Network/networkInterfaces/n01581665-vm1-nic",
            "internal_dns_name_label": "",
            "internal_domain_name_suffix": "llzj35jhg4uezpkzuw4hjhrmud.ux.internal.cloudapp.net",
            "ip_configuration": [
              {
                "gateway_load_balancer_frontend_ip_configuration_id": "",
                "name": "n01581665-vm1-nic",
                "primary": true,
                "private_ip_address": "10.0.0.5",
                "private_ip_address_allocation": "Dynamic",
                "private_ip_address_version": "IPv4",
                "public_ip_address_id": "/subscriptions/143f4554-e923-46b5-b1e3-6c1e413522f4/resourceGroups/n01581665-RG/providers/Microsoft.Network/publicIPAddresses/n01581665-vm1",
                "subnet_id": "/subscriptions/143f4554-e923-46b5-b1e3-6c1e413522f4/resourceGroups/n01581665-RG/providers/Microsoft.Network/virtualNetworks/n01581665-VNET/subnets/n01581665-SUBNET"
              }
            ],
            "location": "canadacentral",
            "mac_address": "60-45-BD-5C-38-BB",
            "name": "n01581665-vm1-nic",
            "private_ip_address": "10.0.0.5",
            "private_ip_addresses": [
              "10.0.0.5"
            ],
            "resource_group_name": "n01581665-RG",
            "tags": {
              "Assignment": "CCGC 5502 Automation Assignment",
              "Environment": "Learning",
              "ExpirationDate": "2024-12-31",
              "Name": "Kartik Sharma"
            },
            "timeouts": null,
            "virtual_machine_id": "/subscriptions/143f4554-e923-46b5-b1e3-6c1e413522f4/resourceGroups/n01581665-RG/providers/Microsoft.Compute/virtualMachines/n01581665-vm1"
          },
          "sensitive_attributes": [],
          "private": "eyJlMmJmYjczMC1lY2FhLTExZTYtOGY4OC0zNDM2M2JjN2M0YzAiOnsiY3JlYXRlIjoxODAwMDAwMDAwMDAwLCJkZWxldGUiOjE4MDAwMDAwMDAwMDAsInJlYWQiOjMwMDAwMDAwMDAwMCwidXBkYXRlIjoxODAwMDAwMDAwMDAwfX0=",
          "dependencies": [
            "module.common.azurerm_log_analytics_workspace.log_analytics_workspace",
            "module.common.azurerm_recovery_services_vault.recovery_vault",
            "module.common.azurerm_storage_account.storage_account",
            "module.network.azurerm_network_security_group.nsg",
            "module.network.azurerm_subnet.network-subnet",
            "module.network.azurerm_subnet_network_security_group_association.subnet-nsg",
            "module.network.azurerm_virtual_network.network",
            "module.rgroup.azurerm_resource_group.rgroup",
            "module.vmwindows.azurerm_public_ip.public-ip-n01581665-my"
          ]
        },
        {
          "index_key": "n01581665-vm2",
          "schema_version": 0,
          "attributes": {
            "applied_dns_servers": [],
            "dns_servers": [],
            "edge_zone": "",
            "enable_accelerated_networking": false,
            "enable_ip_forwarding": false,
            "id": "/subscriptions/143f4554-e923-46b5-b1e3-6c1e413522f4/resourceGroups/n01581665-RG/providers/Microsoft.Network/networkInterfaces/n01581665-vm2-nic",
            "internal_dns_name_label": "",
            "internal_domain_name_suffix": "llzj35jhg4uezpkzuw4hjhrmud.ux.internal.cloudapp.net",
            "ip_configuration": [
              {
                "gateway_load_balancer_frontend_ip_configuration_id": "",
                "name": "n01581665-vm2-nic",
                "primary": true,
                "private_ip_address": "10.0.0.4",
                "private_ip_address_allocation": "Dynamic",
                "private_ip_address_version": "IPv4",
                "public_ip_address_id": "/subscriptions/143f4554-e923-46b5-b1e3-6c1e413522f4/resourceGroups/n01581665-RG/providers/Microsoft.Network/publicIPAddresses/n01581665-vm2",
                "subnet_id": "/subscriptions/143f4554-e923-46b5-b1e3-6c1e413522f4/resourceGroups/n01581665-RG/providers/Microsoft.Network/virtualNetworks/n01581665-VNET/subnets/n01581665-SUBNET"
              }
            ],
            "location": "canadacentral",
            "mac_address": "60-45-BD-5F-58-3E",
            "name": "n01581665-vm2-nic",
            "private_ip_address": "10.0.0.4",
            "private_ip_addresses": [
              "10.0.0.4"
            ],
            "resource_group_name": "n01581665-RG",
            "tags": {
              "Assignment": "CCGC 5502 Automation Assignment",
              "Environment": "Learning",
              "ExpirationDate": "2024-12-31",
              "Name": "Kartik Sharma"
            },
            "timeouts": null,
            "virtual_machine_id": "/subscriptions/143f4554-e923-46b5-b1e3-6c1e413522f4/resourceGroups/n01581665-RG/providers/Microsoft.Compute/virtualMachines/n01581665-vm2"
          },
          "sensitive_attributes": [],
          "private": "eyJlMmJmYjczMC1lY2FhLTExZTYtOGY4OC0zNDM2M2JjN2M0YzAiOnsiY3JlYXRlIjoxODAwMDAwMDAwMDAwLCJkZWxldGUiOjE4MDAwMDAwMDAwMDAsInJlYWQiOjMwMDAwMDAwMDAwMCwidXBkYXRlIjoxODAwMDAwMDAwMDAwfX0=",
          "dependencies": [
            "module.common.azurerm_log_analytics_workspace.log_analytics_workspace",
            "module.common.azurerm_recovery_services_vault.recovery_vault",
            "module.common.azurerm_storage_account.storage_account",
            "module.network.azurerm_network_security_group.nsg",
            "module.network.azurerm_subnet.network-subnet",
            "module.network.azurerm_subnet_network_security_group_association.subnet-nsg",
            "module.network.azurerm_virtual_network.network",
            "module.rgroup.azurerm_resource_group.rgroup",
            "module.vmwindows.azurerm_public_ip.public-ip-n01581665-my"
          ]
        }
      ]
    },
    {
      "module": "module.vmwindows",
      "mode": "managed",
      "type": "azurerm_public_ip",
      "name": "public-ip-n01581665-my",
      "provider": "provider[\"registry.terraform.io/hashicorp/azurerm\"]",
      "instances": [
        {
          "index_key": "n01581665-vm1",
          "schema_version": 0,
          "attributes": {
            "allocation_method": "Dynamic",
            "ddos_protection_mode": "VirtualNetworkInherited",
            "ddos_protection_plan_id": null,
            "domain_name_label": "terraform-labs-n01581665-vm1",
            "edge_zone": "",
            "fqdn": "terraform-labs-n01581665-vm1.canadacentral.cloudapp.azure.com",
            "id": "/subscriptions/143f4554-e923-46b5-b1e3-6c1e413522f4/resourceGroups/n01581665-RG/providers/Microsoft.Network/publicIPAddresses/n01581665-vm1",
            "idle_timeout_in_minutes": 4,
            "ip_address": "20.151.207.203",
            "ip_tags": {},
            "ip_version": "IPv4",
            "location": "canadacentral",
            "name": "n01581665-vm1",
            "public_ip_prefix_id": null,
            "resource_group_name": "n01581665-RG",
            "reverse_fqdn": "",
            "sku": "Basic",
            "sku_tier": "Regional",
            "tags": {
              "Assignment": "CCGC 5502 Automation Assignment",
              "Environment": "Learning",
              "ExpirationDate": "2024-12-31",
              "Name": "Kartik Sharma"
            },
            "timeouts": null,
            "zones": []
          },
          "sensitive_attributes": [],
          "private": "eyJlMmJmYjczMC1lY2FhLTExZTYtOGY4OC0zNDM2M2JjN2M0YzAiOnsiY3JlYXRlIjoxODAwMDAwMDAwMDAwLCJkZWxldGUiOjE4MDAwMDAwMDAwMDAsInJlYWQiOjMwMDAwMDAwMDAwMCwidXBkYXRlIjoxODAwMDAwMDAwMDAwfX0=",
          "dependencies": [
            "module.common.azurerm_log_analytics_workspace.log_analytics_workspace",
            "module.common.azurerm_recovery_services_vault.recovery_vault",
            "module.common.azurerm_storage_account.storage_account",
            "module.network.azurerm_network_security_group.nsg",
            "module.network.azurerm_subnet.network-subnet",
            "module.network.azurerm_subnet_network_security_group_association.subnet-nsg",
            "module.network.azurerm_virtual_network.network",
            "module.rgroup.azurerm_resource_group.rgroup"
          ]
        },
        {
          "index_key": "n01581665-vm2",
          "schema_version": 0,
          "attributes": {
            "allocation_method": "Dynamic",
            "ddos_protection_mode": "VirtualNetworkInherited",
            "ddos_protection_plan_id": null,
            "domain_name_label": "terraform-labs-n01581665-vm2",
            "edge_zone": "",
            "fqdn": "terraform-labs-n01581665-vm2.canadacentral.cloudapp.azure.com",
            "id": "/subscriptions/143f4554-e923-46b5-b1e3-6c1e413522f4/resourceGroups/n01581665-RG/providers/Microsoft.Network/publicIPAddresses/n01581665-vm2",
            "idle_timeout_in_minutes": 4,
            "ip_address": "20.151.207.214",
            "ip_tags": {},
            "ip_version": "IPv4",
            "location": "canadacentral",
            "name": "n01581665-vm2",
            "public_ip_prefix_id": null,
            "resource_group_name": "n01581665-RG",
            "reverse_fqdn": "",
            "sku": "Basic",
            "sku_tier": "Regional",
            "tags": {
              "Assignment": "CCGC 5502 Automation Assignment",
              "Environment": "Learning",
              "ExpirationDate": "2024-12-31",
              "Name": "Kartik Sharma"
            },
            "timeouts": null,
            "zones": []
          },
          "sensitive_attributes": [],
          "private": "eyJlMmJmYjczMC1lY2FhLTExZTYtOGY4OC0zNDM2M2JjN2M0YzAiOnsiY3JlYXRlIjoxODAwMDAwMDAwMDAwLCJkZWxldGUiOjE4MDAwMDAwMDAwMDAsInJlYWQiOjMwMDAwMDAwMDAwMCwidXBkYXRlIjoxODAwMDAwMDAwMDAwfX0=",
          "dependencies": [
            "module.common.azurerm_log_analytics_workspace.log_analytics_workspace",
            "module.common.azurerm_recovery_services_vault.recovery_vault",
            "module.common.azurerm_storage_account.storage_account",
            "module.network.azurerm_network_security_group.nsg",
            "module.network.azurerm_subnet.network-subnet",
            "module.network.azurerm_subnet_network_security_group_association.subnet-nsg",
            "module.network.azurerm_virtual_network.network",
            "module.rgroup.azurerm_resource_group.rgroup"
          ]
        }
      ]
    },
    {
      "module": "module.vmwindows",
      "mode": "managed",
      "type": "azurerm_virtual_machine_extension",
      "name": "extension",
      "provider": "provider[\"registry.terraform.io/hashicorp/azurerm\"]",
      "instances": [
        {
          "index_key": "n01581665-vm1",
          "schema_version": 0,
          "attributes": {
            "auto_upgrade_minor_version": true,
            "automatic_upgrade_enabled": false,
            "failure_suppression_enabled": false,
            "id": "/subscriptions/143f4554-e923-46b5-b1e3-6c1e413522f4/resourceGroups/n01581665-RG/providers/Microsoft.Compute/virtualMachines/n01581665-vm1/extensions/IaaSAntimalware",
            "name": "IaaSAntimalware",
            "protected_settings": null,
            "protected_settings_from_key_vault": [],
            "publisher": "Microsoft.Azure.Security",
            "settings": "{\"AntimalwareEnabled\":true,\"Exclusions\":{\"Extensions\":\"\",\"Paths\":\"\",\"Processes\":\"\"},\"RealtimeProtectionEnabled\":\"true\",\"ScheduledScanSettings\":{\"day\":\"1\",\"isEnabled\":\"true\",\"scanType\":\"Quick\",\"time\":\"120\"}}",
            "tags": {},
            "timeouts": null,
            "type": "IaaSAntimalware",
            "type_handler_version": "1.3",
            "virtual_machine_id": "/subscriptions/143f4554-e923-46b5-b1e3-6c1e413522f4/resourceGroups/n01581665-RG/providers/Microsoft.Compute/virtualMachines/n01581665-vm1"
          },
          "sensitive_attributes": [],
          "private": "eyJlMmJmYjczMC1lY2FhLTExZTYtOGY4OC0zNDM2M2JjN2M0YzAiOnsiY3JlYXRlIjoxODAwMDAwMDAwMDAwLCJkZWxldGUiOjE4MDAwMDAwMDAwMDAsInJlYWQiOjMwMDAwMDAwMDAwMCwidXBkYXRlIjoxODAwMDAwMDAwMDAwfX0=",
          "dependencies": [
            "module.common.azurerm_log_analytics_workspace.log_analytics_workspace",
            "module.common.azurerm_recovery_services_vault.recovery_vault",
            "module.common.azurerm_storage_account.storage_account",
            "module.network.azurerm_network_security_group.nsg",
            "module.network.azurerm_subnet.network-subnet",
            "module.network.azurerm_subnet_network_security_group_association.subnet-nsg",
            "module.network.azurerm_virtual_network.network",
            "module.rgroup.azurerm_resource_group.rgroup",
            "module.vmwindows.azurerm_availability_set.window_avail_set",
            "module.vmwindows.azurerm_network_interface.network-interface",
            "module.vmwindows.azurerm_public_ip.public-ip-n01581665-my",
            "module.vmwindows.azurerm_windows_virtual_machine.window_vm"
          ]
        }
      ]
    },
    {
      "module": "module.vmwindows",
      "mode": "managed",
      "type": "azurerm_windows_virtual_machine",
      "name": "window_vm",
      "provider": "provider[\"registry.terraform.io/hashicorp/azurerm\"]",
      "instances": [
        {
          "index_key": "n01581665-vm1",
          "schema_version": 0,
          "attributes": {
            "additional_capabilities": [],
            "additional_unattend_content": [],
            "admin_password": "Tik2610kar1999@",
            "admin_username": "n01581665",
            "allow_extension_operations": true,
            "availability_set_id": "",
            "boot_diagnostics": [
              {
                "storage_account_uri": "https://tfstaten1665sa.blob.core.windows.net/"
              }
            ],
            "capacity_reservation_group_id": "",
            "computer_name": "n01581665-vm1",
            "custom_data": null,
            "dedicated_host_group_id": "",
            "dedicated_host_id": "",
            "edge_zone": "",
            "enable_automatic_updates": true,
            "encryption_at_host_enabled": false,
            "eviction_policy": "",
            "extensions_time_budget": "PT1H30M",
            "gallery_application": [],
            "hotpatching_enabled": false,
            "id": "/subscriptions/143f4554-e923-46b5-b1e3-6c1e413522f4/resourceGroups/n01581665-RG/providers/Microsoft.Compute/virtualMachines/n01581665-vm1",
            "identity": [],
            "license_type": "",
            "location": "canadacentral",
            "max_bid_price": -1,
            "name": "n01581665-vm1",
            "network_interface_ids": [
              "/subscriptions/143f4554-e923-46b5-b1e3-6c1e413522f4/resourceGroups/n01581665-RG/providers/Microsoft.Network/networkInterfaces/n01581665-vm1-nic"
            ],
            "os_disk": [
              {
                "caching": "ReadWrite",
                "diff_disk_settings": [],
                "disk_encryption_set_id": "",
                "disk_size_gb": 128,
                "name": "n01581665-vm1",
                "secure_vm_disk_encryption_set_id": "",
                "security_encryption_type": "",
                "storage_account_type": "StandardSSD_LRS",
                "write_accelerator_enabled": false
              }
            ],
            "patch_assessment_mode": "ImageDefault",
            "patch_mode": "AutomaticByOS",
            "plan": [],
            "platform_fault_domain": -1,
            "priority": "Regular",
            "private_ip_address": "10.0.0.5",
            "private_ip_addresses": [
              "10.0.0.5"
            ],
            "provision_vm_agent": true,
            "proximity_placement_group_id": "",
            "public_ip_address": "20.151.207.203",
            "public_ip_addresses": [
              "20.151.207.203"
            ],
            "resource_group_name": "n01581665-RG",
            "secret": [],
            "secure_boot_enabled": false,
            "size": "Standard_B1s",
            "source_image_id": "",
            "source_image_reference": [
              {
                "offer": "WindowsServer",
                "publisher": "MicrosoftWindowsServer",
                "sku": "2016-Datacenter",
                "version": "latest"
              }
            ],
            "tags": {
              "Assignment": "CCGC 5502 Automation Assignment",
              "Environment": "Learning",
              "ExpirationDate": "2024-12-31",
              "Name": "Kartik Sharma"
            },
            "termination_notification": [],
            "timeouts": null,
            "timezone": "",
            "user_data": "",
            "virtual_machine_id": "d1a62397-2ffb-47d1-8b74-e15a8afce5b2",
            "virtual_machine_scale_set_id": "",
            "vtpm_enabled": false,
            "winrm_listener": [
              {
                "certificate_url": "",
                "protocol": "Http"
              }
            ],
            "zone": ""
          },
          "sensitive_attributes": [],
          "private": "eyJlMmJmYjczMC1lY2FhLTExZTYtOGY4OC0zNDM2M2JjN2M0YzAiOnsiY3JlYXRlIjoyNzAwMDAwMDAwMDAwLCJkZWxldGUiOjI3MDAwMDAwMDAwMDAsInJlYWQiOjMwMDAwMDAwMDAwMCwidXBkYXRlIjoyNzAwMDAwMDAwMDAwfX0=",
          "dependencies": [
            "module.common.azurerm_log_analytics_workspace.log_analytics_workspace",
            "module.common.azurerm_recovery_services_vault.recovery_vault",
            "module.common.azurerm_storage_account.storage_account",
            "module.network.azurerm_network_security_group.nsg",
            "module.network.azurerm_subnet.network-subnet",
            "module.network.azurerm_subnet_network_security_group_association.subnet-nsg",
            "module.network.azurerm_virtual_network.network",
            "module.rgroup.azurerm_resource_group.rgroup",
            "module.vmwindows.azurerm_availability_set.window_avail_set",
            "module.vmwindows.azurerm_network_interface.network-interface",
            "module.vmwindows.azurerm_public_ip.public-ip-n01581665-my"
          ]
        },
        {
          "index_key": "n01581665-vm2",
          "schema_version": 0,
          "attributes": {
            "additional_capabilities": [],
            "additional_unattend_content": [],
            "admin_password": "Tik2610kar1999@",
            "admin_username": "n01581665",
            "allow_extension_operations": true,
            "availability_set_id": "",
            "boot_diagnostics": [
              {
                "storage_account_uri": "https://tfstaten1665sa.blob.core.windows.net/"
              }
            ],
            "capacity_reservation_group_id": "",
            "computer_name": "n01581665-vm2",
            "custom_data": null,
            "dedicated_host_group_id": "",
            "dedicated_host_id": "",
            "edge_zone": "",
            "enable_automatic_updates": true,
            "encryption_at_host_enabled": false,
            "eviction_policy": "",
            "extensions_time_budget": "PT1H30M",
            "gallery_application": [],
            "hotpatching_enabled": false,
            "id": "/subscriptions/143f4554-e923-46b5-b1e3-6c1e413522f4/resourceGroups/n01581665-RG/providers/Microsoft.Compute/virtualMachines/n01581665-vm2",
            "identity": [],
            "license_type": "",
            "location": "canadacentral",
            "max_bid_price": -1,
            "name": "n01581665-vm2",
            "network_interface_ids": [
              "/subscriptions/143f4554-e923-46b5-b1e3-6c1e413522f4/resourceGroups/n01581665-RG/providers/Microsoft.Network/networkInterfaces/n01581665-vm2-nic"
            ],
            "os_disk": [
              {
                "caching": "ReadWrite",
                "diff_disk_settings": [],
                "disk_encryption_set_id": "",
                "disk_size_gb": 128,
                "name": "n01581665-vm2",
                "secure_vm_disk_encryption_set_id": "",
                "security_encryption_type": "",
                "storage_account_type": "StandardSSD_LRS",
                "write_accelerator_enabled": false
              }
            ],
            "patch_assessment_mode": "ImageDefault",
            "patch_mode": "AutomaticByOS",
            "plan": [],
            "platform_fault_domain": -1,
            "priority": "Regular",
            "private_ip_address": "10.0.0.4",
            "private_ip_addresses": [
              "10.0.0.4"
            ],
            "provision_vm_agent": true,
            "proximity_placement_group_id": "",
            "public_ip_address": "20.151.207.214",
            "public_ip_addresses": [
              "20.151.207.214"
            ],
            "resource_group_name": "n01581665-RG",
            "secret": [],
            "secure_boot_enabled": false,
            "size": "Standard_B1ms",
            "source_image_id": "",
            "source_image_reference": [
              {
                "offer": "WindowsServer",
                "publisher": "MicrosoftWindowsServer",
                "sku": "2016-Datacenter",
                "version": "latest"
              }
            ],
            "tags": {
              "Assignment": "CCGC 5502 Automation Assignment",
              "Environment": "Learning",
              "ExpirationDate": "2024-12-31",
              "Name": "Kartik Sharma"
            },
            "termination_notification": [],
            "timeouts": null,
            "timezone": "",
            "user_data": "",
            "virtual_machine_id": "34715b34-04a0-4f93-96f8-b608190507b3",
            "virtual_machine_scale_set_id": "",
            "vtpm_enabled": false,
            "winrm_listener": [
              {
                "certificate_url": "",
                "protocol": "Http"
              }
            ],
            "zone": ""
          },
          "sensitive_attributes": [],
          "private": "eyJlMmJmYjczMC1lY2FhLTExZTYtOGY4OC0zNDM2M2JjN2M0YzAiOnsiY3JlYXRlIjoyNzAwMDAwMDAwMDAwLCJkZWxldGUiOjI3MDAwMDAwMDAwMDAsInJlYWQiOjMwMDAwMDAwMDAwMCwidXBkYXRlIjoyNzAwMDAwMDAwMDAwfX0=",
          "dependencies": [
            "module.common.azurerm_log_analytics_workspace.log_analytics_workspace",
            "module.common.azurerm_recovery_services_vault.recovery_vault",
            "module.common.azurerm_storage_account.storage_account",
            "module.network.azurerm_network_security_group.nsg",
            "module.network.azurerm_subnet.network-subnet",
            "module.network.azurerm_subnet_network_security_group_association.subnet-nsg",
            "module.network.azurerm_virtual_network.network",
            "module.rgroup.azurerm_resource_group.rgroup",
            "module.vmwindows.azurerm_availability_set.window_avail_set",
            "module.vmwindows.azurerm_network_interface.network-interface",
            "module.vmwindows.azurerm_public_ip.public-ip-n01581665-my"
          ]
        }
      ]
    }
  ],
  "check_results": null
}
